
Microsoft Visual Studio Solution File, Format Version 12.00
# Visual Studio Version 17
VisualStudioVersion = 17.0.32112.339
MinimumVisualStudioVersion = 10.0.40219.1
Project("{FAE04EC0-301F-11D3-BF4B-00C04F79EFBC}") = "BooksApi", "BooksApi\BooksApi.csproj", "{01CD5F3E-3ACE-4C0B-B0BA-65EC6D3BF562}"
EndProject
Global
	GlobalSection(SolutionConfigurationPlatforms) = preSolution
		Debug|Any CPU = Debug|Any CPU
		Release|Any CPU = Release|Any CPU
	EndGlobalSection
	GlobalSection(ProjectConfigurationPlatforms) = postSolution
		{01CD5F3E-3ACE-4C0B-B0BA-65EC6D3BF562}.Debug|Any CPU.ActiveCfg = Debug|Any CPU
		{01CD5F3E-3ACE-4C0B-B0BA-65EC6D3BF562}.Debug|Any CPU.Build.0 = Debug|Any CPU
		{01CD5F3E-3ACE-4C0B-B0BA-65EC6D3BF562}.Release|Any CPU.ActiveCfg = Release|Any CPU
		{01CD5F3E-3ACE-4C0B-B0BA-65EC6D3BF562}.Release|Any CPU.Build.0 = Release|Any CPU
	EndGlobalSection
	GlobalSection(SolutionProperties) = preSolution
		HideSolutionNode = FALSE
	EndGlobalSection
	GlobalSection(ExtensibilityGlobals) = postSolution
		SolutionGuid = {29F0D2A0-5B50-495A-A385-ADFF6CCC45F1}
	EndGlobalSection
EndGlobal
